
Microsoft Visual Studio Solution File, Format Version 12.00
# Visual Studio 15
VisualStudioVersion = 15.0.27428.2015
MinimumVisualStudioVersion = 10.0.40219.1
Project("{8BC9CEB8-8B4A-11D0-8D11-00A0C91BC942}") = "CppThread01", "CppThread01\CppThread01.vcxproj", "{B1A167A6-EDC0-4A03-8D6F-D04D173F9083}"
EndProject
Project("{8BC9CEB8-8B4A-11D0-8D11-00A0C91BC942}") = "CppOmp01", "CppOmp01\CppOmp01.vcxproj", "{EE04D6FA-2B86-4715-A418-5C79A4F05130}"
EndProject
Project("{FAE04EC0-301F-11D3-BF4B-00C04F79EFBC}") = "CSThread01", "CSThread01\CSThread01.csproj", "{7AA3E88A-B7B0-46A9-857C-6FE947171B39}"
EndProject
Project("{FAE04EC0-301F-11D3-BF4B-00C04F79EFBC}") = "CSAsync01", "CSAsync01\CSAsync01.csproj", "{F98A39B2-6164-475B-8AEF-D3D8B91BE480}"
EndProject
Global
	GlobalSection(SolutionConfigurationPlatforms) = preSolution
		Debug|Any CPU = Debug|Any CPU
		Debug|x64 = Debug|x64
		Debug|x86 = Debug|x86
		Release|Any CPU = Release|Any CPU
		Release|x64 = Release|x64
		Release|x86 = Release|x86
	EndGlobalSection
	GlobalSection(ProjectConfigurationPlatforms) = postSolution
		{B1A167A6-EDC0-4A03-8D6F-D04D173F9083}.Debug|Any CPU.ActiveCfg = Debug|Win32
		{B1A167A6-EDC0-4A03-8D6F-D04D173F9083}.Debug|x64.ActiveCfg = Debug|x64
		{B1A167A6-EDC0-4A03-8D6F-D04D173F9083}.Debug|x64.Build.0 = Debug|x64
		{B1A167A6-EDC0-4A03-8D6F-D04D173F9083}.Debug|x86.ActiveCfg = Debug|Win32
		{B1A167A6-EDC0-4A03-8D6F-D04D173F9083}.Debug|x86.Build.0 = Debug|Win32
		{B1A167A6-EDC0-4A03-8D6F-D04D173F9083}.Release|Any CPU.ActiveCfg = Release|Win32
		{B1A167A6-EDC0-4A03-8D6F-D04D173F9083}.Release|x64.ActiveCfg = Release|x64
		{B1A167A6-EDC0-4A03-8D6F-D04D173F9083}.Release|x64.Build.0 = Release|x64
		{B1A167A6-EDC0-4A03-8D6F-D04D173F9083}.Release|x86.ActiveCfg = Release|Win32
		{B1A167A6-EDC0-4A03-8D6F-D04D173F9083}.Release|x86.Build.0 = Release|Win32
		{EE04D6FA-2B86-4715-A418-5C79A4F05130}.Debug|Any CPU.ActiveCfg = Debug|Win32
		{EE04D6FA-2B86-4715-A418-5C79A4F05130}.Debug|x64.ActiveCfg = Debug|x64
		{EE04D6FA-2B86-4715-A418-5C79A4F05130}.Debug|x64.Build.0 = Debug|x64
		{EE04D6FA-2B86-4715-A418-5C79A4F05130}.Debug|x86.ActiveCfg = Debug|Win32
		{EE04D6FA-2B86-4715-A418-5C79A4F05130}.Debug|x86.Build.0 = Debug|Win32
		{EE04D6FA-2B86-4715-A418-5C79A4F05130}.Release|Any CPU.ActiveCfg = Release|Win32
		{EE04D6FA-2B86-4715-A418-5C79A4F05130}.Release|x64.ActiveCfg = Release|x64
		{EE04D6FA-2B86-4715-A418-5C79A4F05130}.Release|x64.Build.0 = Release|x64
		{EE04D6FA-2B86-4715-A418-5C79A4F05130}.Release|x86.ActiveCfg = Release|Win32
		{EE04D6FA-2B86-4715-A418-5C79A4F05130}.Release|x86.Build.0 = Release|Win32
		{7AA3E88A-B7B0-46A9-857C-6FE947171B39}.Debug|Any CPU.ActiveCfg = Debug|Any CPU
		{7AA3E88A-B7B0-46A9-857C-6FE947171B39}.Debug|Any CPU.Build.0 = Debug|Any CPU
		{7AA3E88A-B7B0-46A9-857C-6FE947171B39}.Debug|x64.ActiveCfg = Debug|Any CPU
		{7AA3E88A-B7B0-46A9-857C-6FE947171B39}.Debug|x64.Build.0 = Debug|Any CPU
		{7AA3E88A-B7B0-46A9-857C-6FE947171B39}.Debug|x86.ActiveCfg = Debug|Any CPU
		{7AA3E88A-B7B0-46A9-857C-6FE947171B39}.Debug|x86.Build.0 = Debug|Any CPU
		{7AA3E88A-B7B0-46A9-857C-6FE947171B39}.Release|Any CPU.ActiveCfg = Release|Any CPU
		{7AA3E88A-B7B0-46A9-857C-6FE947171B39}.Release|Any CPU.Build.0 = Release|Any CPU
		{7AA3E88A-B7B0-46A9-857C-6FE947171B39}.Release|x64.ActiveCfg = Release|Any CPU
		{7AA3E88A-B7B0-46A9-857C-6FE947171B39}.Release|x64.Build.0 = Release|Any CPU
		{7AA3E88A-B7B0-46A9-857C-6FE947171B39}.Release|x86.ActiveCfg = Release|Any CPU
		{7AA3E88A-B7B0-46A9-857C-6FE947171B39}.Release|x86.Build.0 = Release|Any CPU
		{F98A39B2-6164-475B-8AEF-D3D8B91BE480}.Debug|Any CPU.ActiveCfg = Debug|Any CPU
		{F98A39B2-6164-475B-8AEF-D3D8B91BE480}.Debug|Any CPU.Build.0 = Debug|Any CPU
		{F98A39B2-6164-475B-8AEF-D3D8B91BE480}.Debug|x64.ActiveCfg = Debug|Any CPU
		{F98A39B2-6164-475B-8AEF-D3D8B91BE480}.Debug|x64.Build.0 = Debug|Any CPU
		{F98A39B2-6164-475B-8AEF-D3D8B91BE480}.Debug|x86.ActiveCfg = Debug|Any CPU
		{F98A39B2-6164-475B-8AEF-D3D8B91BE480}.Debug|x86.Build.0 = Debug|Any CPU
		{F98A39B2-6164-475B-8AEF-D3D8B91BE480}.Release|Any CPU.ActiveCfg = Release|Any CPU
		{F98A39B2-6164-475B-8AEF-D3D8B91BE480}.Release|Any CPU.Build.0 = Release|Any CPU
		{F98A39B2-6164-475B-8AEF-D3D8B91BE480}.Release|x64.ActiveCfg = Release|Any CPU
		{F98A39B2-6164-475B-8AEF-D3D8B91BE480}.Release|x64.Build.0 = Release|Any CPU
		{F98A39B2-6164-475B-8AEF-D3D8B91BE480}.Release|x86.ActiveCfg = Release|Any CPU
		{F98A39B2-6164-475B-8AEF-D3D8B91BE480}.Release|x86.Build.0 = Release|Any CPU
	EndGlobalSection
	GlobalSection(SolutionProperties) = preSolution
		HideSolutionNode = FALSE
	EndGlobalSection
	GlobalSection(ExtensibilityGlobals) = postSolution
		SolutionGuid = {51188A10-2C93-4607-90F9-885442127CFD}
	EndGlobalSection
EndGlobal
