
Microsoft Visual Studio Solution File, Format Version 12.00
# Visual Studio 15
VisualStudioVersion = 15.0.27428.2015
MinimumVisualStudioVersion = 10.0.40219.1
Project("{8BC9CEB8-8B4A-11D0-8D11-00A0C91BC942}") = "CppThread01", "CppThread01\CppThread01.vcxproj", "{B1A167A6-EDC0-4A03-8D6F-D04D173F9083}"
EndProject
Project("{8BC9CEB8-8B4A-11D0-8D11-00A0C91BC942}") = "CppOmp01", "CppOmp01\CppOmp01.vcxproj", "{EE04D6FA-2B86-4715-A418-5C79A4F05130}"
EndProject
Project("{FAE04EC0-301F-11D3-BF4B-00C04F79EFBC}") = "CSThread01", "CSThread01\CSThread01.csproj", "{7AA3E88A-B7B0-46A9-857C-6FE947171B39}"
EndProject
Project("{FAE04EC0-301F-11D3-BF4B-00C04F79EFBC}") = "CSAsync01", "CSAsync01\CSAsync01.csproj", "{F98A39B2-6164-475B-8AEF-D3D8B91BE480}"
EndProject
Project("{8BC9CEB8-8B4A-11D0-8D11-00A0C91BC942}") = "CppThread02", "CppThread02\CppThread02.vcxproj", "{0910CBC4-2F0F-467A-B2BF-C9ECFF1594E9}"
EndProject
Project("{8BC9CEB8-8B4A-11D0-8D11-00A0C91BC942}") = "CppThread03", "CppThread03\CppThread03.vcxproj", "{B472B4C3-74CC-499B-9163-EC0C89BF28C0}"
EndProject
Project("{FAE04EC0-301F-11D3-BF4B-00C04F79EFBC}") = "CSAsync02", "CSAsync02\CSAsync02.csproj", "{1F0D4FE4-4D36-4818-8284-41922E86CE9D}"
EndProject
Project("{FAE04EC0-301F-11D3-BF4B-00C04F79EFBC}") = "CSThread02", "CSThread02\CSThread02.csproj", "{0F5608B7-362F-452D-8972-FE4B39BF5B81}"
EndProject
Project("{FAE04EC0-301F-11D3-BF4B-00C04F79EFBC}") = "CSThread03", "CSThread03\CSThread03.csproj", "{04F3C400-3C66-4D0D-AF13-D57C773AD343}"
EndProject
Project("{FAE04EC0-301F-11D3-BF4B-00C04F79EFBC}") = "CSThread04", "CSThread04\CSThread04.csproj", "{67F871F7-2D62-4880-B737-E241B0E07E12}"
EndProject
Project("{FAE04EC0-301F-11D3-BF4B-00C04F79EFBC}") = "CSAsync03", "CSAsync03\CSAsync03.csproj", "{08A87997-9372-41D1-9710-881F8D669100}"
EndProject
Project("{FAE04EC0-301F-11D3-BF4B-00C04F79EFBC}") = "CSAsync04", "CSAsync04\CSAsync04.csproj", "{FA6E86FD-A27E-443B-B0FB-BA2BBA52D03D}"
EndProject
Project("{FAE04EC0-301F-11D3-BF4B-00C04F79EFBC}") = "CSThread05", "CSThread05\CSThread05.csproj", "{FECF9C6D-3BBC-4B82-B6CF-8C1B5D5A90F1}"
EndProject
Project("{FAE04EC0-301F-11D3-BF4B-00C04F79EFBC}") = "CSThread06", "CSThread06\CSThread06.csproj", "{599B2BCC-5F63-4364-89E9-05F4C3633285}"
EndProject
Project("{FAE04EC0-301F-11D3-BF4B-00C04F79EFBC}") = "CSThread07", "CSThread07\CSThread07.csproj", "{76A97D39-A6C7-40DD-A11F-F736CDA0785F}"
EndProject
Project("{FAE04EC0-301F-11D3-BF4B-00C04F79EFBC}") = "CSThread08", "CSThread08\CSThread08.csproj", "{1674EC8C-1E60-4D71-AAC0-B3DCB0C5E218}"
EndProject
Project("{FAE04EC0-301F-11D3-BF4B-00C04F79EFBC}") = "CSBackgroundWorker01", "CSBackgroundWorker01\CSBackgroundWorker01.csproj", "{F2E629BE-82E5-4D39-9B3A-D59009BE3931}"
EndProject
Project("{FAE04EC0-301F-11D3-BF4B-00C04F79EFBC}") = "CSThreadPool01", "CSThreadPool01\CSThreadPool01.csproj", "{6F76B790-7554-4C9D-BCF7-086FEC2D5BC7}"
EndProject
Project("{8BC9CEB8-8B4A-11D0-8D11-00A0C91BC942}") = "CppOmp02", "CppOmp02\CppOmp02.vcxproj", "{B35B8192-2ECE-4461-B19E-36374B82823B}"
EndProject
Project("{8BC9CEB8-8B4A-11D0-8D11-00A0C91BC942}") = "CppOmp03", "CppOmp03\CppOmp03.vcxproj", "{B047FFD9-B007-48A7-A272-FB4168FF9BE3}"
EndProject
Project("{8BC9CEB8-8B4A-11D0-8D11-00A0C91BC942}") = "CppOmp04", "CppOmp04\CppOmp04.vcxproj", "{F0887707-CDC1-4F2F-BFB8-5313E8CF9769}"
EndProject
Project("{8BC9CEB8-8B4A-11D0-8D11-00A0C91BC942}") = "CppThread04", "CppThread04\CppThread04.vcxproj", "{351CCA32-4187-406B-9C48-DFB48ADDCDE4}"
EndProject
Project("{FAE04EC0-301F-11D3-BF4B-00C04F79EFBC}") = "CSAsync05", "CSAsync05\CSAsync05.csproj", "{920B405A-330D-41BE-B9ED-897E616C9971}"
EndProject
Global
	GlobalSection(SolutionConfigurationPlatforms) = preSolution
		Debug|Any CPU = Debug|Any CPU
		Debug|x64 = Debug|x64
		Debug|x86 = Debug|x86
		Release|Any CPU = Release|Any CPU
		Release|x64 = Release|x64
		Release|x86 = Release|x86
	EndGlobalSection
	GlobalSection(ProjectConfigurationPlatforms) = postSolution
		{B1A167A6-EDC0-4A03-8D6F-D04D173F9083}.Debug|Any CPU.ActiveCfg = Debug|Win32
		{B1A167A6-EDC0-4A03-8D6F-D04D173F9083}.Debug|x64.ActiveCfg = Debug|x64
		{B1A167A6-EDC0-4A03-8D6F-D04D173F9083}.Debug|x64.Build.0 = Debug|x64
		{B1A167A6-EDC0-4A03-8D6F-D04D173F9083}.Debug|x86.ActiveCfg = Debug|Win32
		{B1A167A6-EDC0-4A03-8D6F-D04D173F9083}.Debug|x86.Build.0 = Debug|Win32
		{B1A167A6-EDC0-4A03-8D6F-D04D173F9083}.Release|Any CPU.ActiveCfg = Release|Win32
		{B1A167A6-EDC0-4A03-8D6F-D04D173F9083}.Release|x64.ActiveCfg = Release|x64
		{B1A167A6-EDC0-4A03-8D6F-D04D173F9083}.Release|x64.Build.0 = Release|x64
		{B1A167A6-EDC0-4A03-8D6F-D04D173F9083}.Release|x86.ActiveCfg = Release|Win32
		{B1A167A6-EDC0-4A03-8D6F-D04D173F9083}.Release|x86.Build.0 = Release|Win32
		{EE04D6FA-2B86-4715-A418-5C79A4F05130}.Debug|Any CPU.ActiveCfg = Debug|Win32
		{EE04D6FA-2B86-4715-A418-5C79A4F05130}.Debug|x64.ActiveCfg = Debug|x64
		{EE04D6FA-2B86-4715-A418-5C79A4F05130}.Debug|x64.Build.0 = Debug|x64
		{EE04D6FA-2B86-4715-A418-5C79A4F05130}.Debug|x86.ActiveCfg = Debug|Win32
		{EE04D6FA-2B86-4715-A418-5C79A4F05130}.Debug|x86.Build.0 = Debug|Win32
		{EE04D6FA-2B86-4715-A418-5C79A4F05130}.Release|Any CPU.ActiveCfg = Release|Win32
		{EE04D6FA-2B86-4715-A418-5C79A4F05130}.Release|x64.ActiveCfg = Release|x64
		{EE04D6FA-2B86-4715-A418-5C79A4F05130}.Release|x64.Build.0 = Release|x64
		{EE04D6FA-2B86-4715-A418-5C79A4F05130}.Release|x86.ActiveCfg = Release|Win32
		{EE04D6FA-2B86-4715-A418-5C79A4F05130}.Release|x86.Build.0 = Release|Win32
		{7AA3E88A-B7B0-46A9-857C-6FE947171B39}.Debug|Any CPU.ActiveCfg = Debug|Any CPU
		{7AA3E88A-B7B0-46A9-857C-6FE947171B39}.Debug|Any CPU.Build.0 = Debug|Any CPU
		{7AA3E88A-B7B0-46A9-857C-6FE947171B39}.Debug|x64.ActiveCfg = Debug|Any CPU
		{7AA3E88A-B7B0-46A9-857C-6FE947171B39}.Debug|x64.Build.0 = Debug|Any CPU
		{7AA3E88A-B7B0-46A9-857C-6FE947171B39}.Debug|x86.ActiveCfg = Debug|Any CPU
		{7AA3E88A-B7B0-46A9-857C-6FE947171B39}.Debug|x86.Build.0 = Debug|Any CPU
		{7AA3E88A-B7B0-46A9-857C-6FE947171B39}.Release|Any CPU.ActiveCfg = Release|Any CPU
		{7AA3E88A-B7B0-46A9-857C-6FE947171B39}.Release|Any CPU.Build.0 = Release|Any CPU
		{7AA3E88A-B7B0-46A9-857C-6FE947171B39}.Release|x64.ActiveCfg = Release|Any CPU
		{7AA3E88A-B7B0-46A9-857C-6FE947171B39}.Release|x64.Build.0 = Release|Any CPU
		{7AA3E88A-B7B0-46A9-857C-6FE947171B39}.Release|x86.ActiveCfg = Release|Any CPU
		{7AA3E88A-B7B0-46A9-857C-6FE947171B39}.Release|x86.Build.0 = Release|Any CPU
		{F98A39B2-6164-475B-8AEF-D3D8B91BE480}.Debug|Any CPU.ActiveCfg = Debug|Any CPU
		{F98A39B2-6164-475B-8AEF-D3D8B91BE480}.Debug|Any CPU.Build.0 = Debug|Any CPU
		{F98A39B2-6164-475B-8AEF-D3D8B91BE480}.Debug|x64.ActiveCfg = Debug|Any CPU
		{F98A39B2-6164-475B-8AEF-D3D8B91BE480}.Debug|x64.Build.0 = Debug|Any CPU
		{F98A39B2-6164-475B-8AEF-D3D8B91BE480}.Debug|x86.ActiveCfg = Debug|Any CPU
		{F98A39B2-6164-475B-8AEF-D3D8B91BE480}.Debug|x86.Build.0 = Debug|Any CPU
		{F98A39B2-6164-475B-8AEF-D3D8B91BE480}.Release|Any CPU.ActiveCfg = Release|Any CPU
		{F98A39B2-6164-475B-8AEF-D3D8B91BE480}.Release|Any CPU.Build.0 = Release|Any CPU
		{F98A39B2-6164-475B-8AEF-D3D8B91BE480}.Release|x64.ActiveCfg = Release|Any CPU
		{F98A39B2-6164-475B-8AEF-D3D8B91BE480}.Release|x64.Build.0 = Release|Any CPU
		{F98A39B2-6164-475B-8AEF-D3D8B91BE480}.Release|x86.ActiveCfg = Release|Any CPU
		{F98A39B2-6164-475B-8AEF-D3D8B91BE480}.Release|x86.Build.0 = Release|Any CPU
		{0910CBC4-2F0F-467A-B2BF-C9ECFF1594E9}.Debug|Any CPU.ActiveCfg = Debug|Win32
		{0910CBC4-2F0F-467A-B2BF-C9ECFF1594E9}.Debug|x64.ActiveCfg = Debug|x64
		{0910CBC4-2F0F-467A-B2BF-C9ECFF1594E9}.Debug|x64.Build.0 = Debug|x64
		{0910CBC4-2F0F-467A-B2BF-C9ECFF1594E9}.Debug|x86.ActiveCfg = Debug|Win32
		{0910CBC4-2F0F-467A-B2BF-C9ECFF1594E9}.Debug|x86.Build.0 = Debug|Win32
		{0910CBC4-2F0F-467A-B2BF-C9ECFF1594E9}.Release|Any CPU.ActiveCfg = Release|Win32
		{0910CBC4-2F0F-467A-B2BF-C9ECFF1594E9}.Release|x64.ActiveCfg = Release|x64
		{0910CBC4-2F0F-467A-B2BF-C9ECFF1594E9}.Release|x64.Build.0 = Release|x64
		{0910CBC4-2F0F-467A-B2BF-C9ECFF1594E9}.Release|x86.ActiveCfg = Release|Win32
		{0910CBC4-2F0F-467A-B2BF-C9ECFF1594E9}.Release|x86.Build.0 = Release|Win32
		{B472B4C3-74CC-499B-9163-EC0C89BF28C0}.Debug|Any CPU.ActiveCfg = Debug|Win32
		{B472B4C3-74CC-499B-9163-EC0C89BF28C0}.Debug|x64.ActiveCfg = Debug|x64
		{B472B4C3-74CC-499B-9163-EC0C89BF28C0}.Debug|x64.Build.0 = Debug|x64
		{B472B4C3-74CC-499B-9163-EC0C89BF28C0}.Debug|x86.ActiveCfg = Debug|Win32
		{B472B4C3-74CC-499B-9163-EC0C89BF28C0}.Debug|x86.Build.0 = Debug|Win32
		{B472B4C3-74CC-499B-9163-EC0C89BF28C0}.Release|Any CPU.ActiveCfg = Release|Win32
		{B472B4C3-74CC-499B-9163-EC0C89BF28C0}.Release|x64.ActiveCfg = Release|x64
		{B472B4C3-74CC-499B-9163-EC0C89BF28C0}.Release|x64.Build.0 = Release|x64
		{B472B4C3-74CC-499B-9163-EC0C89BF28C0}.Release|x86.ActiveCfg = Release|Win32
		{B472B4C3-74CC-499B-9163-EC0C89BF28C0}.Release|x86.Build.0 = Release|Win32
		{1F0D4FE4-4D36-4818-8284-41922E86CE9D}.Debug|Any CPU.ActiveCfg = Debug|Any CPU
		{1F0D4FE4-4D36-4818-8284-41922E86CE9D}.Debug|Any CPU.Build.0 = Debug|Any CPU
		{1F0D4FE4-4D36-4818-8284-41922E86CE9D}.Debug|x64.ActiveCfg = Debug|Any CPU
		{1F0D4FE4-4D36-4818-8284-41922E86CE9D}.Debug|x64.Build.0 = Debug|Any CPU
		{1F0D4FE4-4D36-4818-8284-41922E86CE9D}.Debug|x86.ActiveCfg = Debug|Any CPU
		{1F0D4FE4-4D36-4818-8284-41922E86CE9D}.Debug|x86.Build.0 = Debug|Any CPU
		{1F0D4FE4-4D36-4818-8284-41922E86CE9D}.Release|Any CPU.ActiveCfg = Release|Any CPU
		{1F0D4FE4-4D36-4818-8284-41922E86CE9D}.Release|Any CPU.Build.0 = Release|Any CPU
		{1F0D4FE4-4D36-4818-8284-41922E86CE9D}.Release|x64.ActiveCfg = Release|Any CPU
		{1F0D4FE4-4D36-4818-8284-41922E86CE9D}.Release|x64.Build.0 = Release|Any CPU
		{1F0D4FE4-4D36-4818-8284-41922E86CE9D}.Release|x86.ActiveCfg = Release|Any CPU
		{1F0D4FE4-4D36-4818-8284-41922E86CE9D}.Release|x86.Build.0 = Release|Any CPU
		{0F5608B7-362F-452D-8972-FE4B39BF5B81}.Debug|Any CPU.ActiveCfg = Debug|Any CPU
		{0F5608B7-362F-452D-8972-FE4B39BF5B81}.Debug|Any CPU.Build.0 = Debug|Any CPU
		{0F5608B7-362F-452D-8972-FE4B39BF5B81}.Debug|x64.ActiveCfg = Debug|Any CPU
		{0F5608B7-362F-452D-8972-FE4B39BF5B81}.Debug|x64.Build.0 = Debug|Any CPU
		{0F5608B7-362F-452D-8972-FE4B39BF5B81}.Debug|x86.ActiveCfg = Debug|Any CPU
		{0F5608B7-362F-452D-8972-FE4B39BF5B81}.Debug|x86.Build.0 = Debug|Any CPU
		{0F5608B7-362F-452D-8972-FE4B39BF5B81}.Release|Any CPU.ActiveCfg = Release|Any CPU
		{0F5608B7-362F-452D-8972-FE4B39BF5B81}.Release|Any CPU.Build.0 = Release|Any CPU
		{0F5608B7-362F-452D-8972-FE4B39BF5B81}.Release|x64.ActiveCfg = Release|Any CPU
		{0F5608B7-362F-452D-8972-FE4B39BF5B81}.Release|x64.Build.0 = Release|Any CPU
		{0F5608B7-362F-452D-8972-FE4B39BF5B81}.Release|x86.ActiveCfg = Release|Any CPU
		{0F5608B7-362F-452D-8972-FE4B39BF5B81}.Release|x86.Build.0 = Release|Any CPU
		{04F3C400-3C66-4D0D-AF13-D57C773AD343}.Debug|Any CPU.ActiveCfg = Debug|Any CPU
		{04F3C400-3C66-4D0D-AF13-D57C773AD343}.Debug|Any CPU.Build.0 = Debug|Any CPU
		{04F3C400-3C66-4D0D-AF13-D57C773AD343}.Debug|x64.ActiveCfg = Debug|Any CPU
		{04F3C400-3C66-4D0D-AF13-D57C773AD343}.Debug|x64.Build.0 = Debug|Any CPU
		{04F3C400-3C66-4D0D-AF13-D57C773AD343}.Debug|x86.ActiveCfg = Debug|Any CPU
		{04F3C400-3C66-4D0D-AF13-D57C773AD343}.Debug|x86.Build.0 = Debug|Any CPU
		{04F3C400-3C66-4D0D-AF13-D57C773AD343}.Release|Any CPU.ActiveCfg = Release|Any CPU
		{04F3C400-3C66-4D0D-AF13-D57C773AD343}.Release|Any CPU.Build.0 = Release|Any CPU
		{04F3C400-3C66-4D0D-AF13-D57C773AD343}.Release|x64.ActiveCfg = Release|Any CPU
		{04F3C400-3C66-4D0D-AF13-D57C773AD343}.Release|x64.Build.0 = Release|Any CPU
		{04F3C400-3C66-4D0D-AF13-D57C773AD343}.Release|x86.ActiveCfg = Release|Any CPU
		{04F3C400-3C66-4D0D-AF13-D57C773AD343}.Release|x86.Build.0 = Release|Any CPU
		{67F871F7-2D62-4880-B737-E241B0E07E12}.Debug|Any CPU.ActiveCfg = Debug|Any CPU
		{67F871F7-2D62-4880-B737-E241B0E07E12}.Debug|Any CPU.Build.0 = Debug|Any CPU
		{67F871F7-2D62-4880-B737-E241B0E07E12}.Debug|x64.ActiveCfg = Debug|Any CPU
		{67F871F7-2D62-4880-B737-E241B0E07E12}.Debug|x64.Build.0 = Debug|Any CPU
		{67F871F7-2D62-4880-B737-E241B0E07E12}.Debug|x86.ActiveCfg = Debug|Any CPU
		{67F871F7-2D62-4880-B737-E241B0E07E12}.Debug|x86.Build.0 = Debug|Any CPU
		{67F871F7-2D62-4880-B737-E241B0E07E12}.Release|Any CPU.ActiveCfg = Release|Any CPU
		{67F871F7-2D62-4880-B737-E241B0E07E12}.Release|Any CPU.Build.0 = Release|Any CPU
		{67F871F7-2D62-4880-B737-E241B0E07E12}.Release|x64.ActiveCfg = Release|Any CPU
		{67F871F7-2D62-4880-B737-E241B0E07E12}.Release|x64.Build.0 = Release|Any CPU
		{67F871F7-2D62-4880-B737-E241B0E07E12}.Release|x86.ActiveCfg = Release|Any CPU
		{67F871F7-2D62-4880-B737-E241B0E07E12}.Release|x86.Build.0 = Release|Any CPU
		{08A87997-9372-41D1-9710-881F8D669100}.Debug|Any CPU.ActiveCfg = Debug|Any CPU
		{08A87997-9372-41D1-9710-881F8D669100}.Debug|Any CPU.Build.0 = Debug|Any CPU
		{08A87997-9372-41D1-9710-881F8D669100}.Debug|x64.ActiveCfg = Debug|Any CPU
		{08A87997-9372-41D1-9710-881F8D669100}.Debug|x64.Build.0 = Debug|Any CPU
		{08A87997-9372-41D1-9710-881F8D669100}.Debug|x86.ActiveCfg = Debug|Any CPU
		{08A87997-9372-41D1-9710-881F8D669100}.Debug|x86.Build.0 = Debug|Any CPU
		{08A87997-9372-41D1-9710-881F8D669100}.Release|Any CPU.ActiveCfg = Release|Any CPU
		{08A87997-9372-41D1-9710-881F8D669100}.Release|Any CPU.Build.0 = Release|Any CPU
		{08A87997-9372-41D1-9710-881F8D669100}.Release|x64.ActiveCfg = Release|Any CPU
		{08A87997-9372-41D1-9710-881F8D669100}.Release|x64.Build.0 = Release|Any CPU
		{08A87997-9372-41D1-9710-881F8D669100}.Release|x86.ActiveCfg = Release|Any CPU
		{08A87997-9372-41D1-9710-881F8D669100}.Release|x86.Build.0 = Release|Any CPU
		{FA6E86FD-A27E-443B-B0FB-BA2BBA52D03D}.Debug|Any CPU.ActiveCfg = Debug|Any CPU
		{FA6E86FD-A27E-443B-B0FB-BA2BBA52D03D}.Debug|Any CPU.Build.0 = Debug|Any CPU
		{FA6E86FD-A27E-443B-B0FB-BA2BBA52D03D}.Debug|x64.ActiveCfg = Debug|Any CPU
		{FA6E86FD-A27E-443B-B0FB-BA2BBA52D03D}.Debug|x64.Build.0 = Debug|Any CPU
		{FA6E86FD-A27E-443B-B0FB-BA2BBA52D03D}.Debug|x86.ActiveCfg = Debug|Any CPU
		{FA6E86FD-A27E-443B-B0FB-BA2BBA52D03D}.Debug|x86.Build.0 = Debug|Any CPU
		{FA6E86FD-A27E-443B-B0FB-BA2BBA52D03D}.Release|Any CPU.ActiveCfg = Release|Any CPU
		{FA6E86FD-A27E-443B-B0FB-BA2BBA52D03D}.Release|Any CPU.Build.0 = Release|Any CPU
		{FA6E86FD-A27E-443B-B0FB-BA2BBA52D03D}.Release|x64.ActiveCfg = Release|Any CPU
		{FA6E86FD-A27E-443B-B0FB-BA2BBA52D03D}.Release|x64.Build.0 = Release|Any CPU
		{FA6E86FD-A27E-443B-B0FB-BA2BBA52D03D}.Release|x86.ActiveCfg = Release|Any CPU
		{FA6E86FD-A27E-443B-B0FB-BA2BBA52D03D}.Release|x86.Build.0 = Release|Any CPU
		{FECF9C6D-3BBC-4B82-B6CF-8C1B5D5A90F1}.Debug|Any CPU.ActiveCfg = Debug|Any CPU
		{FECF9C6D-3BBC-4B82-B6CF-8C1B5D5A90F1}.Debug|Any CPU.Build.0 = Debug|Any CPU
		{FECF9C6D-3BBC-4B82-B6CF-8C1B5D5A90F1}.Debug|x64.ActiveCfg = Debug|Any CPU
		{FECF9C6D-3BBC-4B82-B6CF-8C1B5D5A90F1}.Debug|x64.Build.0 = Debug|Any CPU
		{FECF9C6D-3BBC-4B82-B6CF-8C1B5D5A90F1}.Debug|x86.ActiveCfg = Debug|Any CPU
		{FECF9C6D-3BBC-4B82-B6CF-8C1B5D5A90F1}.Debug|x86.Build.0 = Debug|Any CPU
		{FECF9C6D-3BBC-4B82-B6CF-8C1B5D5A90F1}.Release|Any CPU.ActiveCfg = Release|Any CPU
		{FECF9C6D-3BBC-4B82-B6CF-8C1B5D5A90F1}.Release|Any CPU.Build.0 = Release|Any CPU
		{FECF9C6D-3BBC-4B82-B6CF-8C1B5D5A90F1}.Release|x64.ActiveCfg = Release|Any CPU
		{FECF9C6D-3BBC-4B82-B6CF-8C1B5D5A90F1}.Release|x64.Build.0 = Release|Any CPU
		{FECF9C6D-3BBC-4B82-B6CF-8C1B5D5A90F1}.Release|x86.ActiveCfg = Release|Any CPU
		{FECF9C6D-3BBC-4B82-B6CF-8C1B5D5A90F1}.Release|x86.Build.0 = Release|Any CPU
		{599B2BCC-5F63-4364-89E9-05F4C3633285}.Debug|Any CPU.ActiveCfg = Debug|Any CPU
		{599B2BCC-5F63-4364-89E9-05F4C3633285}.Debug|Any CPU.Build.0 = Debug|Any CPU
		{599B2BCC-5F63-4364-89E9-05F4C3633285}.Debug|x64.ActiveCfg = Debug|Any CPU
		{599B2BCC-5F63-4364-89E9-05F4C3633285}.Debug|x64.Build.0 = Debug|Any CPU
		{599B2BCC-5F63-4364-89E9-05F4C3633285}.Debug|x86.ActiveCfg = Debug|Any CPU
		{599B2BCC-5F63-4364-89E9-05F4C3633285}.Debug|x86.Build.0 = Debug|Any CPU
		{599B2BCC-5F63-4364-89E9-05F4C3633285}.Release|Any CPU.ActiveCfg = Release|Any CPU
		{599B2BCC-5F63-4364-89E9-05F4C3633285}.Release|Any CPU.Build.0 = Release|Any CPU
		{599B2BCC-5F63-4364-89E9-05F4C3633285}.Release|x64.ActiveCfg = Release|Any CPU
		{599B2BCC-5F63-4364-89E9-05F4C3633285}.Release|x64.Build.0 = Release|Any CPU
		{599B2BCC-5F63-4364-89E9-05F4C3633285}.Release|x86.ActiveCfg = Release|Any CPU
		{599B2BCC-5F63-4364-89E9-05F4C3633285}.Release|x86.Build.0 = Release|Any CPU
		{76A97D39-A6C7-40DD-A11F-F736CDA0785F}.Debug|Any CPU.ActiveCfg = Debug|Any CPU
		{76A97D39-A6C7-40DD-A11F-F736CDA0785F}.Debug|Any CPU.Build.0 = Debug|Any CPU
		{76A97D39-A6C7-40DD-A11F-F736CDA0785F}.Debug|x64.ActiveCfg = Debug|Any CPU
		{76A97D39-A6C7-40DD-A11F-F736CDA0785F}.Debug|x64.Build.0 = Debug|Any CPU
		{76A97D39-A6C7-40DD-A11F-F736CDA0785F}.Debug|x86.ActiveCfg = Debug|Any CPU
		{76A97D39-A6C7-40DD-A11F-F736CDA0785F}.Debug|x86.Build.0 = Debug|Any CPU
		{76A97D39-A6C7-40DD-A11F-F736CDA0785F}.Release|Any CPU.ActiveCfg = Release|Any CPU
		{76A97D39-A6C7-40DD-A11F-F736CDA0785F}.Release|Any CPU.Build.0 = Release|Any CPU
		{76A97D39-A6C7-40DD-A11F-F736CDA0785F}.Release|x64.ActiveCfg = Release|Any CPU
		{76A97D39-A6C7-40DD-A11F-F736CDA0785F}.Release|x64.Build.0 = Release|Any CPU
		{76A97D39-A6C7-40DD-A11F-F736CDA0785F}.Release|x86.ActiveCfg = Release|Any CPU
		{76A97D39-A6C7-40DD-A11F-F736CDA0785F}.Release|x86.Build.0 = Release|Any CPU
		{1674EC8C-1E60-4D71-AAC0-B3DCB0C5E218}.Debug|Any CPU.ActiveCfg = Debug|Any CPU
		{1674EC8C-1E60-4D71-AAC0-B3DCB0C5E218}.Debug|Any CPU.Build.0 = Debug|Any CPU
		{1674EC8C-1E60-4D71-AAC0-B3DCB0C5E218}.Debug|x64.ActiveCfg = Debug|Any CPU
		{1674EC8C-1E60-4D71-AAC0-B3DCB0C5E218}.Debug|x64.Build.0 = Debug|Any CPU
		{1674EC8C-1E60-4D71-AAC0-B3DCB0C5E218}.Debug|x86.ActiveCfg = Debug|Any CPU
		{1674EC8C-1E60-4D71-AAC0-B3DCB0C5E218}.Debug|x86.Build.0 = Debug|Any CPU
		{1674EC8C-1E60-4D71-AAC0-B3DCB0C5E218}.Release|Any CPU.ActiveCfg = Release|Any CPU
		{1674EC8C-1E60-4D71-AAC0-B3DCB0C5E218}.Release|Any CPU.Build.0 = Release|Any CPU
		{1674EC8C-1E60-4D71-AAC0-B3DCB0C5E218}.Release|x64.ActiveCfg = Release|Any CPU
		{1674EC8C-1E60-4D71-AAC0-B3DCB0C5E218}.Release|x64.Build.0 = Release|Any CPU
		{1674EC8C-1E60-4D71-AAC0-B3DCB0C5E218}.Release|x86.ActiveCfg = Release|Any CPU
		{1674EC8C-1E60-4D71-AAC0-B3DCB0C5E218}.Release|x86.Build.0 = Release|Any CPU
		{F2E629BE-82E5-4D39-9B3A-D59009BE3931}.Debug|Any CPU.ActiveCfg = Debug|Any CPU
		{F2E629BE-82E5-4D39-9B3A-D59009BE3931}.Debug|Any CPU.Build.0 = Debug|Any CPU
		{F2E629BE-82E5-4D39-9B3A-D59009BE3931}.Debug|x64.ActiveCfg = Debug|Any CPU
		{F2E629BE-82E5-4D39-9B3A-D59009BE3931}.Debug|x64.Build.0 = Debug|Any CPU
		{F2E629BE-82E5-4D39-9B3A-D59009BE3931}.Debug|x86.ActiveCfg = Debug|Any CPU
		{F2E629BE-82E5-4D39-9B3A-D59009BE3931}.Debug|x86.Build.0 = Debug|Any CPU
		{F2E629BE-82E5-4D39-9B3A-D59009BE3931}.Release|Any CPU.ActiveCfg = Release|Any CPU
		{F2E629BE-82E5-4D39-9B3A-D59009BE3931}.Release|Any CPU.Build.0 = Release|Any CPU
		{F2E629BE-82E5-4D39-9B3A-D59009BE3931}.Release|x64.ActiveCfg = Release|Any CPU
		{F2E629BE-82E5-4D39-9B3A-D59009BE3931}.Release|x64.Build.0 = Release|Any CPU
		{F2E629BE-82E5-4D39-9B3A-D59009BE3931}.Release|x86.ActiveCfg = Release|Any CPU
		{F2E629BE-82E5-4D39-9B3A-D59009BE3931}.Release|x86.Build.0 = Release|Any CPU
		{6F76B790-7554-4C9D-BCF7-086FEC2D5BC7}.Debug|Any CPU.ActiveCfg = Debug|Any CPU
		{6F76B790-7554-4C9D-BCF7-086FEC2D5BC7}.Debug|Any CPU.Build.0 = Debug|Any CPU
		{6F76B790-7554-4C9D-BCF7-086FEC2D5BC7}.Debug|x64.ActiveCfg = Debug|Any CPU
		{6F76B790-7554-4C9D-BCF7-086FEC2D5BC7}.Debug|x64.Build.0 = Debug|Any CPU
		{6F76B790-7554-4C9D-BCF7-086FEC2D5BC7}.Debug|x86.ActiveCfg = Debug|Any CPU
		{6F76B790-7554-4C9D-BCF7-086FEC2D5BC7}.Debug|x86.Build.0 = Debug|Any CPU
		{6F76B790-7554-4C9D-BCF7-086FEC2D5BC7}.Release|Any CPU.ActiveCfg = Release|Any CPU
		{6F76B790-7554-4C9D-BCF7-086FEC2D5BC7}.Release|Any CPU.Build.0 = Release|Any CPU
		{6F76B790-7554-4C9D-BCF7-086FEC2D5BC7}.Release|x64.ActiveCfg = Release|Any CPU
		{6F76B790-7554-4C9D-BCF7-086FEC2D5BC7}.Release|x64.Build.0 = Release|Any CPU
		{6F76B790-7554-4C9D-BCF7-086FEC2D5BC7}.Release|x86.ActiveCfg = Release|Any CPU
		{6F76B790-7554-4C9D-BCF7-086FEC2D5BC7}.Release|x86.Build.0 = Release|Any CPU
		{B35B8192-2ECE-4461-B19E-36374B82823B}.Debug|Any CPU.ActiveCfg = Debug|Win32
		{B35B8192-2ECE-4461-B19E-36374B82823B}.Debug|x64.ActiveCfg = Debug|x64
		{B35B8192-2ECE-4461-B19E-36374B82823B}.Debug|x64.Build.0 = Debug|x64
		{B35B8192-2ECE-4461-B19E-36374B82823B}.Debug|x86.ActiveCfg = Debug|Win32
		{B35B8192-2ECE-4461-B19E-36374B82823B}.Debug|x86.Build.0 = Debug|Win32
		{B35B8192-2ECE-4461-B19E-36374B82823B}.Release|Any CPU.ActiveCfg = Release|Win32
		{B35B8192-2ECE-4461-B19E-36374B82823B}.Release|x64.ActiveCfg = Release|x64
		{B35B8192-2ECE-4461-B19E-36374B82823B}.Release|x64.Build.0 = Release|x64
		{B35B8192-2ECE-4461-B19E-36374B82823B}.Release|x86.ActiveCfg = Release|Win32
		{B35B8192-2ECE-4461-B19E-36374B82823B}.Release|x86.Build.0 = Release|Win32
		{B047FFD9-B007-48A7-A272-FB4168FF9BE3}.Debug|Any CPU.ActiveCfg = Debug|Win32
		{B047FFD9-B007-48A7-A272-FB4168FF9BE3}.Debug|x64.ActiveCfg = Debug|x64
		{B047FFD9-B007-48A7-A272-FB4168FF9BE3}.Debug|x64.Build.0 = Debug|x64
		{B047FFD9-B007-48A7-A272-FB4168FF9BE3}.Debug|x86.ActiveCfg = Debug|Win32
		{B047FFD9-B007-48A7-A272-FB4168FF9BE3}.Debug|x86.Build.0 = Debug|Win32
		{B047FFD9-B007-48A7-A272-FB4168FF9BE3}.Release|Any CPU.ActiveCfg = Release|Win32
		{B047FFD9-B007-48A7-A272-FB4168FF9BE3}.Release|x64.ActiveCfg = Release|x64
		{B047FFD9-B007-48A7-A272-FB4168FF9BE3}.Release|x64.Build.0 = Release|x64
		{B047FFD9-B007-48A7-A272-FB4168FF9BE3}.Release|x86.ActiveCfg = Release|Win32
		{B047FFD9-B007-48A7-A272-FB4168FF9BE3}.Release|x86.Build.0 = Release|Win32
		{F0887707-CDC1-4F2F-BFB8-5313E8CF9769}.Debug|Any CPU.ActiveCfg = Debug|Win32
		{F0887707-CDC1-4F2F-BFB8-5313E8CF9769}.Debug|x64.ActiveCfg = Debug|x64
		{F0887707-CDC1-4F2F-BFB8-5313E8CF9769}.Debug|x64.Build.0 = Debug|x64
		{F0887707-CDC1-4F2F-BFB8-5313E8CF9769}.Debug|x86.ActiveCfg = Debug|Win32
		{F0887707-CDC1-4F2F-BFB8-5313E8CF9769}.Debug|x86.Build.0 = Debug|Win32
		{F0887707-CDC1-4F2F-BFB8-5313E8CF9769}.Release|Any CPU.ActiveCfg = Release|Win32
		{F0887707-CDC1-4F2F-BFB8-5313E8CF9769}.Release|x64.ActiveCfg = Release|x64
		{F0887707-CDC1-4F2F-BFB8-5313E8CF9769}.Release|x64.Build.0 = Release|x64
		{F0887707-CDC1-4F2F-BFB8-5313E8CF9769}.Release|x86.ActiveCfg = Release|Win32
		{F0887707-CDC1-4F2F-BFB8-5313E8CF9769}.Release|x86.Build.0 = Release|Win32
		{351CCA32-4187-406B-9C48-DFB48ADDCDE4}.Debug|Any CPU.ActiveCfg = Debug|Win32
		{351CCA32-4187-406B-9C48-DFB48ADDCDE4}.Debug|x64.ActiveCfg = Debug|x64
		{351CCA32-4187-406B-9C48-DFB48ADDCDE4}.Debug|x64.Build.0 = Debug|x64
		{351CCA32-4187-406B-9C48-DFB48ADDCDE4}.Debug|x86.ActiveCfg = Debug|Win32
		{351CCA32-4187-406B-9C48-DFB48ADDCDE4}.Debug|x86.Build.0 = Debug|Win32
		{351CCA32-4187-406B-9C48-DFB48ADDCDE4}.Release|Any CPU.ActiveCfg = Release|Win32
		{351CCA32-4187-406B-9C48-DFB48ADDCDE4}.Release|x64.ActiveCfg = Release|x64
		{351CCA32-4187-406B-9C48-DFB48ADDCDE4}.Release|x64.Build.0 = Release|x64
		{351CCA32-4187-406B-9C48-DFB48ADDCDE4}.Release|x86.ActiveCfg = Release|Win32
		{351CCA32-4187-406B-9C48-DFB48ADDCDE4}.Release|x86.Build.0 = Release|Win32
		{920B405A-330D-41BE-B9ED-897E616C9971}.Debug|Any CPU.ActiveCfg = Debug|Any CPU
		{920B405A-330D-41BE-B9ED-897E616C9971}.Debug|Any CPU.Build.0 = Debug|Any CPU
		{920B405A-330D-41BE-B9ED-897E616C9971}.Debug|x64.ActiveCfg = Debug|Any CPU
		{920B405A-330D-41BE-B9ED-897E616C9971}.Debug|x64.Build.0 = Debug|Any CPU
		{920B405A-330D-41BE-B9ED-897E616C9971}.Debug|x86.ActiveCfg = Debug|Any CPU
		{920B405A-330D-41BE-B9ED-897E616C9971}.Debug|x86.Build.0 = Debug|Any CPU
		{920B405A-330D-41BE-B9ED-897E616C9971}.Release|Any CPU.ActiveCfg = Release|Any CPU
		{920B405A-330D-41BE-B9ED-897E616C9971}.Release|Any CPU.Build.0 = Release|Any CPU
		{920B405A-330D-41BE-B9ED-897E616C9971}.Release|x64.ActiveCfg = Release|Any CPU
		{920B405A-330D-41BE-B9ED-897E616C9971}.Release|x64.Build.0 = Release|Any CPU
		{920B405A-330D-41BE-B9ED-897E616C9971}.Release|x86.ActiveCfg = Release|Any CPU
		{920B405A-330D-41BE-B9ED-897E616C9971}.Release|x86.Build.0 = Release|Any CPU
	EndGlobalSection
	GlobalSection(SolutionProperties) = preSolution
		HideSolutionNode = FALSE
	EndGlobalSection
	GlobalSection(ExtensibilityGlobals) = postSolution
		SolutionGuid = {51188A10-2C93-4607-90F9-885442127CFD}
	EndGlobalSection
EndGlobal
